<?xml version="1.0" encoding="utf-8"?>
<Project ToolsVersion="4.0" xmlns="http://schemas.microsoft.com/developer/msbuild/2003">
  <ItemGroup>
    <Filter Include="Source Files">
      <UniqueIdentifier>{4FC737F1-C7A5-4376-A066-2A32D752A2FF}</UniqueIdentifier>
      <Extensions>cpp;c;cc;cxx;def;odl;idl;hpj;bat;asm;asmx</Extensions>
    </Filter>
    <Filter Include="Header Files">
      <UniqueIdentifier>{93995380-89BD-4b04-88EB-625FBE52EBFB}</UniqueIdentifier>
      <Extensions>h;hh;hpp;hxx;hm;inl;inc;xsd</Extensions>
    </Filter>
    <Filter Include="Resource Files">
      <UniqueIdentifier>{67DA6AB6-F800-4c08-8B7A-83BB121AAD01}</UniqueIdentifier>
      <Extensions>rc;ico;cur;bmp;dlg;rc2;rct;bin;rgs;gif;jpg;jpeg;jpe;resx;tiff;tif;png;wav;mfcribbon-ms</Extensions>
    </Filter>
    <Filter Include="Header Files\Components">
      <UniqueIdentifier>{09d00405-14bc-406d-98aa-99fce978ea16}</UniqueIdentifier>
    </Filter>
    <Filter Include="Source Files\Components">
      <UniqueIdentifier>{1b012eec-448c-4ec3-be01-b6a03f5e03c8}</UniqueIdentifier>
    </Filter>
    <Filter Include="Header Files\FileReadersAndWriters">
      <UniqueIdentifier>{47d49536-2e9e-474b-bd65-e7d666b98c94}</UniqueIdentifier>
    </Filter>
    <Filter Include="Source Files\FileReadersAndWriters">
      <UniqueIdentifier>{9150ad73-93f0-495f-ae09-d32ac3b87b09}</UniqueIdentifier>
    </Filter>
    <Filter Include="Header Files\Imgui">
      <UniqueIdentifier>{8f89ddce-0621-4254-b6f0-d519eabe0e35}</UniqueIdentifier>
    </Filter>
    <Filter Include="Source Files\Imgui">
      <UniqueIdentifier>{0d3b48e8-a886-4f25-b69a-279d8683ea26}</UniqueIdentifier>
    </Filter>
    <Filter Include="Header Files\Input">
      <UniqueIdentifier>{20d4cd4b-6037-459c-9089-b9aeb4f6f262}</UniqueIdentifier>
    </Filter>
    <Filter Include="Source Files\Input">
      <UniqueIdentifier>{e3ac7154-9ab8-47db-b350-6c7acebb166e}</UniqueIdentifier>
    </Filter>
    <Filter Include="Header Files\Observer">
      <UniqueIdentifier>{a1bdb387-4b39-43af-8d48-f87e9397197b}</UniqueIdentifier>
    </Filter>
    <Filter Include="Source Files\Observer">
      <UniqueIdentifier>{1f9902db-938f-473c-915f-86f3dd89d382}</UniqueIdentifier>
    </Filter>
  </ItemGroup>
  <ItemGroup>
    <ClInclude Include="Singleton.h">
      <Filter>Header Files</Filter>
    </ClInclude>
    <ClInclude Include="ResourceManager.h">
      <Filter>Header Files</Filter>
    </ClInclude>
    <ClInclude Include="Renderer.h">
      <Filter>Header Files</Filter>
    </ClInclude>
    <ClInclude Include="Texture2D.h">
      <Filter>Header Files</Filter>
    </ClInclude>
    <ClInclude Include="GameObject.h">
      <Filter>Header Files</Filter>
    </ClInclude>
    <ClInclude Include="Scene.h">
      <Filter>Header Files</Filter>
    </ClInclude>
    <ClInclude Include="SceneManager.h">
      <Filter>Header Files</Filter>
    </ClInclude>
    <ClInclude Include="Minigin.h">
      <Filter>Header Files</Filter>
    </ClInclude>
    <ClInclude Include="BaseComponent.h">
      <Filter>Header Files\Components</Filter>
    </ClInclude>
    <ClInclude Include="FPSComp.h">
      <Filter>Header Files\Components</Filter>
    </ClInclude>
    <ClInclude Include="TextComp.h">
      <Filter>Header Files\Components</Filter>
    </ClInclude>
    <ClInclude Include="TextureComp.h">
      <Filter>Header Files\Components</Filter>
    </ClInclude>
    <ClInclude Include="Font.h">
      <Filter>Header Files</Filter>
    </ClInclude>
    <ClInclude Include="TransformComp.h">
      <Filter>Header Files\Components</Filter>
    </ClInclude>
    <ClInclude Include="ObjReader.h">
      <Filter>Header Files\FileReadersAndWriters</Filter>
    </ClInclude>
    <ClInclude Include="imstb_truetype.h">
      <Filter>Header Files\Imgui</Filter>
    </ClInclude>
    <ClInclude Include="imconfig.h">
      <Filter>Header Files\Imgui</Filter>
    </ClInclude>
    <ClInclude Include="imgui_impl_opengl2.h">
      <Filter>Header Files\Imgui</Filter>
    </ClInclude>
    <ClInclude Include="imgui_impl_sdl.h">
      <Filter>Header Files\Imgui</Filter>
    </ClInclude>
    <ClInclude Include="imgui_internal.h">
      <Filter>Header Files\Imgui</Filter>
    </ClInclude>
    <ClInclude Include="imstb_rectpack.h">
      <Filter>Header Files\Imgui</Filter>
    </ClInclude>
    <ClInclude Include="imstb_textedit.h">
      <Filter>Header Files\Imgui</Filter>
    </ClInclude>
    <ClInclude Include="ImguiComp.h">
      <Filter>Header Files\Components</Filter>
    </ClInclude>
    <ClInclude Include="imgui_plot.h">
      <Filter>Header Files\Imgui</Filter>
    </ClInclude>
    <ClInclude Include="imgui.h">
      <Filter>Header Files\Imgui</Filter>
    </ClInclude>
    <ClInclude Include="InputManager.h">
      <Filter>Header Files\Input</Filter>
    </ClInclude>
    <ClInclude Include="Command.h">
      <Filter>Header Files\Input</Filter>
    </ClInclude>
    <ClInclude Include="GamePad.h">
      <Filter>Header Files\Input</Filter>
    </ClInclude>
    <ClInclude Include="Observer.h">
      <Filter>Header Files\Observer</Filter>
    </ClInclude>
    <ClInclude Include="ActorComp.h">
      <Filter>Header Files\Components</Filter>
    </ClInclude>
    <ClInclude Include="Achievements.h">
      <Filter>Header Files\Observer</Filter>
    </ClInclude>
    <ClInclude Include="Subject.h">
      <Filter>Header Files\Observer</Filter>
    </ClInclude>
    <ClInclude Include="PointsComp.h">
      <Filter>Header Files\Components</Filter>
    </ClInclude>
    <ClInclude Include="HealthComp.h">
      <Filter>Header Files\Components</Filter>
    </ClInclude>
    <ClInclude Include="ScoreBoardComp.h">
      <Filter>Header Files\Components</Filter>
    </ClInclude>
    <ClInclude Include="HealthBoardComp.h">
      <Filter>Header Files\Components</Filter>
    </ClInclude>
    <ClInclude Include="KeyBoard.h">
      <Filter>Header Files\Input</Filter>
    </ClInclude>
    <ClInclude Include="SpriteComp.h">
      <Filter>Header Files\Components</Filter>
    </ClInclude>
  </ItemGroup>
  <ItemGroup>
    <ClCompile Include="ResourceManager.cpp">
      <Filter>Source Files</Filter>
    </ClCompile>
    <ClCompile Include="Renderer.cpp">
      <Filter>Source Files</Filter>
    </ClCompile>
    <ClCompile Include="Texture2D.cpp">
      <Filter>Source Files</Filter>
    </ClCompile>
    <ClCompile Include="GameObject.cpp">
      <Filter>Source Files</Filter>
    </ClCompile>
    <ClCompile Include="Scene.cpp">
      <Filter>Source Files</Filter>
    </ClCompile>
    <ClCompile Include="SceneManager.cpp">
      <Filter>Source Files</Filter>
    </ClCompile>
    <ClCompile Include="Main.cpp">
      <Filter>Source Files</Filter>
    </ClCompile>
    <ClCompile Include="Minigin.cpp">
      <Filter>Source Files</Filter>
    </ClCompile>
    <ClCompile Include="TextureComp.cpp">
      <Filter>Source Files\Components</Filter>
    </ClCompile>
    <ClCompile Include="BaseComponent.cpp">
      <Filter>Source Files\Components</Filter>
    </ClCompile>
    <ClCompile Include="TextComp.cpp">
      <Filter>Source Files\Components</Filter>
    </ClCompile>
    <ClCompile Include="TransformComp.cpp">
      <Filter>Source Files\Components</Filter>
    </ClCompile>
    <ClCompile Include="Font.cpp">
      <Filter>Source Files</Filter>
    </ClCompile>
    <ClCompile Include="FPSComp.cpp">
      <Filter>Source Files\Components</Filter>
    </ClCompile>
    <ClCompile Include="ObjReader.cpp">
      <Filter>Source Files\FileReadersAndWriters</Filter>
    </ClCompile>
    <ClCompile Include="imgui_widgets.cpp">
      <Filter>Source Files\Imgui</Filter>
    </ClCompile>
    <ClCompile Include="imgui_demo.cpp">
      <Filter>Source Files\Imgui</Filter>
    </ClCompile>
    <ClCompile Include="imgui_draw.cpp">
      <Filter>Source Files\Imgui</Filter>
    </ClCompile>
    <ClCompile Include="imgui_impl_opengl2.cpp">
      <Filter>Source Files\Imgui</Filter>
    </ClCompile>
    <ClCompile Include="imgui_impl_sdl.cpp">
      <Filter>Source Files\Imgui</Filter>
    </ClCompile>
    <ClCompile Include="imgui_tables.cpp">
      <Filter>Source Files\Imgui</Filter>
    </ClCompile>
    <ClCompile Include="ImguiComp.cpp">
      <Filter>Source Files\Components</Filter>
    </ClCompile>
    <ClCompile Include="imgui_plot.cpp">
      <Filter>Source Files\Imgui</Filter>
    </ClCompile>
    <ClCompile Include="InputManager.cpp">
      <Filter>Source Files\Input</Filter>
    </ClCompile>
    <ClCompile Include="Command.cpp">
      <Filter>Source Files\Input</Filter>
    </ClCompile>
    <ClCompile Include="GamePad.cpp">
      <Filter>Source Files\Input</Filter>
    </ClCompile>
    <ClCompile Include="Observer.cpp">
      <Filter>Source Files\Observer</Filter>
    </ClCompile>
    <ClCompile Include="ActorComp.cpp">
      <Filter>Source Files\Components</Filter>
    </ClCompile>
    <ClCompile Include="Achievements.cpp">
      <Filter>Source Files\Observer</Filter>
    </ClCompile>
    <ClCompile Include="Subject.cpp">
      <Filter>Source Files\Observer</Filter>
    </ClCompile>
    <ClCompile Include="HealthComp.cpp">
      <Filter>Source Files\Components</Filter>
    </ClCompile>
    <ClCompile Include="PointsComp.cpp">
      <Filter>Source Files\Components</Filter>
    </ClCompile>
    <ClCompile Include="ScoreBoardComp.cpp">
      <Filter>Source Files\Components</Filter>
    </ClCompile>
    <ClCompile Include="HealthBoardComp.cpp">
      <Filter>Source Files\Components</Filter>
    </ClCompile>
    <ClCompile Include="imgui.cpp">
      <Filter>Source Files</Filter>
    </ClCompile>
    <ClCompile Include="KeyBoard.cpp">
      <Filter>Source Files\Input</Filter>
    </ClCompile>
    <ClCompile Include="SpriteComp.cpp">
      <Filter>Source Files\Components</Filter>
    </ClCompile>
  </ItemGroup>
</Project>